
Microsoft Visual Studio Solution File, Format Version 12.00
# Visual Studio 14
VisualStudioVersion = 14.0.25420.1
MinimumVisualStudioVersion = 10.0.40219.1
Project("{FAE04EC0-301F-11D3-BF4B-00C04F79EFBC}") = "agendaAzure.Droid", "agendaAzure\agendaAzure.Droid\agendaAzure.Droid.csproj", "{0A4C4033-460B-4024-8554-21A287ED0C43}"
EndProject
Project("{FAE04EC0-301F-11D3-BF4B-00C04F79EFBC}") = "agendaAzure.iOS", "agendaAzure\agendaAzure.iOS\agendaAzure.iOS.csproj", "{07DDBD5E-3761-4A72-8CB1-5689035CFA14}"
EndProject
Project("{FAE04EC0-301F-11D3-BF4B-00C04F79EFBC}") = "agendaAzure.WinPhone", "agendaAzure\agendaAzure.WinPhone\agendaAzure.WinPhone.csproj", "{A34D70E2-B324-4C91-BA2C-05CAD3F5F8ED}"
EndProject
Project("{FAE04EC0-301F-11D3-BF4B-00C04F79EFBC}") = "agendaAzure.UWP", "agendaAzure\agendaAzure.UWP\agendaAzure.UWP.csproj", "{2D6E3F4D-F13D-4503-9F45-EC2CA8CADD60}"
EndProject
Project("{FAE04EC0-301F-11D3-BF4B-00C04F79EFBC}") = "agendaAzure.Windows", "agendaAzure\agendaAzure.Windows\agendaAzure.Windows.csproj", "{00551F41-47AD-4465-B959-DD32933B360E}"
EndProject
Project("{FAE04EC0-301F-11D3-BF4B-00C04F79EFBC}") = "agendaAzure", "agendaAzure\agendaAzure\agendaAzure.csproj", "{5DBA5101-3513-4791-AE57-DC105891CA2B}"
EndProject
Global
	GlobalSection(SolutionConfigurationPlatforms) = preSolution
		Ad-Hoc|Any CPU = Ad-Hoc|Any CPU
		Ad-Hoc|ARM = Ad-Hoc|ARM
		Ad-Hoc|iPhone = Ad-Hoc|iPhone
		Ad-Hoc|iPhoneSimulator = Ad-Hoc|iPhoneSimulator
		Ad-Hoc|x64 = Ad-Hoc|x64
		Ad-Hoc|x86 = Ad-Hoc|x86
		AppStore|Any CPU = AppStore|Any CPU
		AppStore|ARM = AppStore|ARM
		AppStore|iPhone = AppStore|iPhone
		AppStore|iPhoneSimulator = AppStore|iPhoneSimulator
		AppStore|x64 = AppStore|x64
		AppStore|x86 = AppStore|x86
		Debug|Any CPU = Debug|Any CPU
		Debug|ARM = Debug|ARM
		Debug|iPhone = Debug|iPhone
		Debug|iPhoneSimulator = Debug|iPhoneSimulator
		Debug|x64 = Debug|x64
		Debug|x86 = Debug|x86
		Release|Any CPU = Release|Any CPU
		Release|ARM = Release|ARM
		Release|iPhone = Release|iPhone
		Release|iPhoneSimulator = Release|iPhoneSimulator
		Release|x64 = Release|x64
		Release|x86 = Release|x86
	EndGlobalSection
	GlobalSection(ProjectConfigurationPlatforms) = postSolution
		{0A4C4033-460B-4024-8554-21A287ED0C43}.Ad-Hoc|Any CPU.ActiveCfg = Release|Any CPU
		{0A4C4033-460B-4024-8554-21A287ED0C43}.Ad-Hoc|Any CPU.Build.0 = Release|Any CPU
		{0A4C4033-460B-4024-8554-21A287ED0C43}.Ad-Hoc|Any CPU.Deploy.0 = Release|Any CPU
		{0A4C4033-460B-4024-8554-21A287ED0C43}.Ad-Hoc|ARM.ActiveCfg = Release|Any CPU
		{0A4C4033-460B-4024-8554-21A287ED0C43}.Ad-Hoc|ARM.Build.0 = Release|Any CPU
		{0A4C4033-460B-4024-8554-21A287ED0C43}.Ad-Hoc|ARM.Deploy.0 = Release|Any CPU
		{0A4C4033-460B-4024-8554-21A287ED0C43}.Ad-Hoc|iPhone.ActiveCfg = Release|Any CPU
		{0A4C4033-460B-4024-8554-21A287ED0C43}.Ad-Hoc|iPhone.Build.0 = Release|Any CPU
		{0A4C4033-460B-4024-8554-21A287ED0C43}.Ad-Hoc|iPhone.Deploy.0 = Release|Any CPU
		{0A4C4033-460B-4024-8554-21A287ED0C43}.Ad-Hoc|iPhoneSimulator.ActiveCfg = Release|Any CPU
		{0A4C4033-460B-4024-8554-21A287ED0C43}.Ad-Hoc|iPhoneSimulator.Build.0 = Release|Any CPU
		{0A4C4033-460B-4024-8554-21A287ED0C43}.Ad-Hoc|iPhoneSimulator.Deploy.0 = Release|Any CPU
		{0A4C4033-460B-4024-8554-21A287ED0C43}.Ad-Hoc|x64.ActiveCfg = Release|Any CPU
		{0A4C4033-460B-4024-8554-21A287ED0C43}.Ad-Hoc|x64.Build.0 = Release|Any CPU
		{0A4C4033-460B-4024-8554-21A287ED0C43}.Ad-Hoc|x64.Deploy.0 = Release|Any CPU
		{0A4C4033-460B-4024-8554-21A287ED0C43}.Ad-Hoc|x86.ActiveCfg = Release|Any CPU
		{0A4C4033-460B-4024-8554-21A287ED0C43}.Ad-Hoc|x86.Build.0 = Release|Any CPU
		{0A4C4033-460B-4024-8554-21A287ED0C43}.Ad-Hoc|x86.Deploy.0 = Release|Any CPU
		{0A4C4033-460B-4024-8554-21A287ED0C43}.AppStore|Any CPU.ActiveCfg = Release|Any CPU
		{0A4C4033-460B-4024-8554-21A287ED0C43}.AppStore|Any CPU.Build.0 = Release|Any CPU
		{0A4C4033-460B-4024-8554-21A287ED0C43}.AppStore|Any CPU.Deploy.0 = Release|Any CPU
		{0A4C4033-460B-4024-8554-21A287ED0C43}.AppStore|ARM.ActiveCfg = Release|Any CPU
		{0A4C4033-460B-4024-8554-21A287ED0C43}.AppStore|ARM.Build.0 = Release|Any CPU
		{0A4C4033-460B-4024-8554-21A287ED0C43}.AppStore|ARM.Deploy.0 = Release|Any CPU
		{0A4C4033-460B-4024-8554-21A287ED0C43}.AppStore|iPhone.ActiveCfg = Release|Any CPU
		{0A4C4033-460B-4024-8554-21A287ED0C43}.AppStore|iPhone.Build.0 = Release|Any CPU
		{0A4C4033-460B-4024-8554-21A287ED0C43}.AppStore|iPhone.Deploy.0 = Release|Any CPU
		{0A4C4033-460B-4024-8554-21A287ED0C43}.AppStore|iPhoneSimulator.ActiveCfg = Release|Any CPU
		{0A4C4033-460B-4024-8554-21A287ED0C43}.AppStore|iPhoneSimulator.Build.0 = Release|Any CPU
		{0A4C4033-460B-4024-8554-21A287ED0C43}.AppStore|iPhoneSimulator.Deploy.0 = Release|Any CPU
		{0A4C4033-460B-4024-8554-21A287ED0C43}.AppStore|x64.ActiveCfg = Release|Any CPU
		{0A4C4033-460B-4024-8554-21A287ED0C43}.AppStore|x64.Build.0 = Release|Any CPU
		{0A4C4033-460B-4024-8554-21A287ED0C43}.AppStore|x64.Deploy.0 = Release|Any CPU
		{0A4C4033-460B-4024-8554-21A287ED0C43}.AppStore|x86.ActiveCfg = Release|Any CPU
		{0A4C4033-460B-4024-8554-21A287ED0C43}.AppStore|x86.Build.0 = Release|Any CPU
		{0A4C4033-460B-4024-8554-21A287ED0C43}.AppStore|x86.Deploy.0 = Release|Any CPU
		{0A4C4033-460B-4024-8554-21A287ED0C43}.Debug|Any CPU.ActiveCfg = Debug|Any CPU
		{0A4C4033-460B-4024-8554-21A287ED0C43}.Debug|Any CPU.Build.0 = Debug|Any CPU
		{0A4C4033-460B-4024-8554-21A287ED0C43}.Debug|Any CPU.Deploy.0 = Debug|Any CPU
		{0A4C4033-460B-4024-8554-21A287ED0C43}.Debug|ARM.ActiveCfg = Debug|Any CPU
		{0A4C4033-460B-4024-8554-21A287ED0C43}.Debug|ARM.Build.0 = Debug|Any CPU
		{0A4C4033-460B-4024-8554-21A287ED0C43}.Debug|ARM.Deploy.0 = Debug|Any CPU
		{0A4C4033-460B-4024-8554-21A287ED0C43}.Debug|iPhone.ActiveCfg = Debug|Any CPU
		{0A4C4033-460B-4024-8554-21A287ED0C43}.Debug|iPhone.Build.0 = Debug|Any CPU
		{0A4C4033-460B-4024-8554-21A287ED0C43}.Debug|iPhone.Deploy.0 = Debug|Any CPU
		{0A4C4033-460B-4024-8554-21A287ED0C43}.Debug|iPhoneSimulator.ActiveCfg = Debug|Any CPU
		{0A4C4033-460B-4024-8554-21A287ED0C43}.Debug|iPhoneSimulator.Build.0 = Debug|Any CPU
		{0A4C4033-460B-4024-8554-21A287ED0C43}.Debug|iPhoneSimulator.Deploy.0 = Debug|Any CPU
		{0A4C4033-460B-4024-8554-21A287ED0C43}.Debug|x64.ActiveCfg = Debug|Any CPU
		{0A4C4033-460B-4024-8554-21A287ED0C43}.Debug|x64.Build.0 = Debug|Any CPU
		{0A4C4033-460B-4024-8554-21A287ED0C43}.Debug|x64.Deploy.0 = Debug|Any CPU
		{0A4C4033-460B-4024-8554-21A287ED0C43}.Debug|x86.ActiveCfg = Debug|Any CPU
		{0A4C4033-460B-4024-8554-21A287ED0C43}.Debug|x86.Build.0 = Debug|Any CPU
		{0A4C4033-460B-4024-8554-21A287ED0C43}.Debug|x86.Deploy.0 = Debug|Any CPU
		{0A4C4033-460B-4024-8554-21A287ED0C43}.Release|Any CPU.ActiveCfg = Release|Any CPU
		{0A4C4033-460B-4024-8554-21A287ED0C43}.Release|Any CPU.Build.0 = Release|Any CPU
		{0A4C4033-460B-4024-8554-21A287ED0C43}.Release|Any CPU.Deploy.0 = Release|Any CPU
		{0A4C4033-460B-4024-8554-21A287ED0C43}.Release|ARM.ActiveCfg = Release|Any CPU
		{0A4C4033-460B-4024-8554-21A287ED0C43}.Release|ARM.Build.0 = Release|Any CPU
		{0A4C4033-460B-4024-8554-21A287ED0C43}.Release|ARM.Deploy.0 = Release|Any CPU
		{0A4C4033-460B-4024-8554-21A287ED0C43}.Release|iPhone.ActiveCfg = Release|Any CPU
		{0A4C4033-460B-4024-8554-21A287ED0C43}.Release|iPhone.Build.0 = Release|Any CPU
		{0A4C4033-460B-4024-8554-21A287ED0C43}.Release|iPhone.Deploy.0 = Release|Any CPU
		{0A4C4033-460B-4024-8554-21A287ED0C43}.Release|iPhoneSimulator.ActiveCfg = Release|Any CPU
		{0A4C4033-460B-4024-8554-21A287ED0C43}.Release|iPhoneSimulator.Build.0 = Release|Any CPU
		{0A4C4033-460B-4024-8554-21A287ED0C43}.Release|iPhoneSimulator.Deploy.0 = Release|Any CPU
		{0A4C4033-460B-4024-8554-21A287ED0C43}.Release|x64.ActiveCfg = Release|Any CPU
		{0A4C4033-460B-4024-8554-21A287ED0C43}.Release|x64.Build.0 = Release|Any CPU
		{0A4C4033-460B-4024-8554-21A287ED0C43}.Release|x64.Deploy.0 = Release|Any CPU
		{0A4C4033-460B-4024-8554-21A287ED0C43}.Release|x86.ActiveCfg = Release|Any CPU
		{0A4C4033-460B-4024-8554-21A287ED0C43}.Release|x86.Build.0 = Release|Any CPU
		{0A4C4033-460B-4024-8554-21A287ED0C43}.Release|x86.Deploy.0 = Release|Any CPU
		{07DDBD5E-3761-4A72-8CB1-5689035CFA14}.Ad-Hoc|Any CPU.ActiveCfg = Ad-Hoc|iPhone
		{07DDBD5E-3761-4A72-8CB1-5689035CFA14}.Ad-Hoc|ARM.ActiveCfg = Ad-Hoc|iPhone
		{07DDBD5E-3761-4A72-8CB1-5689035CFA14}.Ad-Hoc|iPhone.ActiveCfg = Ad-Hoc|iPhone
		{07DDBD5E-3761-4A72-8CB1-5689035CFA14}.Ad-Hoc|iPhone.Build.0 = Ad-Hoc|iPhone
		{07DDBD5E-3761-4A72-8CB1-5689035CFA14}.Ad-Hoc|iPhoneSimulator.ActiveCfg = Ad-Hoc|iPhoneSimulator
		{07DDBD5E-3761-4A72-8CB1-5689035CFA14}.Ad-Hoc|iPhoneSimulator.Build.0 = Ad-Hoc|iPhoneSimulator
		{07DDBD5E-3761-4A72-8CB1-5689035CFA14}.Ad-Hoc|x64.ActiveCfg = Ad-Hoc|iPhone
		{07DDBD5E-3761-4A72-8CB1-5689035CFA14}.Ad-Hoc|x86.ActiveCfg = Ad-Hoc|iPhone
		{07DDBD5E-3761-4A72-8CB1-5689035CFA14}.AppStore|Any CPU.ActiveCfg = AppStore|iPhone
		{07DDBD5E-3761-4A72-8CB1-5689035CFA14}.AppStore|ARM.ActiveCfg = AppStore|iPhone
		{07DDBD5E-3761-4A72-8CB1-5689035CFA14}.AppStore|iPhone.ActiveCfg = AppStore|iPhone
		{07DDBD5E-3761-4A72-8CB1-5689035CFA14}.AppStore|iPhone.Build.0 = AppStore|iPhone
		{07DDBD5E-3761-4A72-8CB1-5689035CFA14}.AppStore|iPhoneSimulator.ActiveCfg = AppStore|iPhoneSimulator
		{07DDBD5E-3761-4A72-8CB1-5689035CFA14}.AppStore|iPhoneSimulator.Build.0 = AppStore|iPhoneSimulator
		{07DDBD5E-3761-4A72-8CB1-5689035CFA14}.AppStore|x64.ActiveCfg = AppStore|iPhone
		{07DDBD5E-3761-4A72-8CB1-5689035CFA14}.AppStore|x86.ActiveCfg = AppStore|iPhone
		{07DDBD5E-3761-4A72-8CB1-5689035CFA14}.Debug|Any CPU.ActiveCfg = Debug|iPhone
		{07DDBD5E-3761-4A72-8CB1-5689035CFA14}.Debug|ARM.ActiveCfg = Debug|iPhone
		{07DDBD5E-3761-4A72-8CB1-5689035CFA14}.Debug|iPhone.ActiveCfg = Debug|iPhone
		{07DDBD5E-3761-4A72-8CB1-5689035CFA14}.Debug|iPhone.Build.0 = Debug|iPhone
		{07DDBD5E-3761-4A72-8CB1-5689035CFA14}.Debug|iPhoneSimulator.ActiveCfg = Debug|iPhoneSimulator
		{07DDBD5E-3761-4A72-8CB1-5689035CFA14}.Debug|iPhoneSimulator.Build.0 = Debug|iPhoneSimulator
		{07DDBD5E-3761-4A72-8CB1-5689035CFA14}.Debug|x64.ActiveCfg = Debug|iPhone
		{07DDBD5E-3761-4A72-8CB1-5689035CFA14}.Debug|x86.ActiveCfg = Debug|iPhone
		{07DDBD5E-3761-4A72-8CB1-5689035CFA14}.Release|Any CPU.ActiveCfg = Release|iPhone
		{07DDBD5E-3761-4A72-8CB1-5689035CFA14}.Release|ARM.ActiveCfg = Release|iPhone
		{07DDBD5E-3761-4A72-8CB1-5689035CFA14}.Release|iPhone.ActiveCfg = Release|iPhone
		{07DDBD5E-3761-4A72-8CB1-5689035CFA14}.Release|iPhone.Build.0 = Release|iPhone
		{07DDBD5E-3761-4A72-8CB1-5689035CFA14}.Release|iPhoneSimulator.ActiveCfg = Release|iPhoneSimulator
		{07DDBD5E-3761-4A72-8CB1-5689035CFA14}.Release|iPhoneSimulator.Build.0 = Release|iPhoneSimulator
		{07DDBD5E-3761-4A72-8CB1-5689035CFA14}.Release|x64.ActiveCfg = Release|iPhone
		{07DDBD5E-3761-4A72-8CB1-5689035CFA14}.Release|x86.ActiveCfg = Release|iPhone
		{A34D70E2-B324-4C91-BA2C-05CAD3F5F8ED}.Ad-Hoc|Any CPU.ActiveCfg = Release|Any CPU
		{A34D70E2-B324-4C91-BA2C-05CAD3F5F8ED}.Ad-Hoc|Any CPU.Build.0 = Release|Any CPU
		{A34D70E2-B324-4C91-BA2C-05CAD3F5F8ED}.Ad-Hoc|Any CPU.Deploy.0 = Release|Any CPU
		{A34D70E2-B324-4C91-BA2C-05CAD3F5F8ED}.Ad-Hoc|ARM.ActiveCfg = Release|ARM
		{A34D70E2-B324-4C91-BA2C-05CAD3F5F8ED}.Ad-Hoc|ARM.Build.0 = Release|ARM
		{A34D70E2-B324-4C91-BA2C-05CAD3F5F8ED}.Ad-Hoc|ARM.Deploy.0 = Release|ARM
		{A34D70E2-B324-4C91-BA2C-05CAD3F5F8ED}.Ad-Hoc|iPhone.ActiveCfg = Release|Any CPU
		{A34D70E2-B324-4C91-BA2C-05CAD3F5F8ED}.Ad-Hoc|iPhone.Build.0 = Release|Any CPU
		{A34D70E2-B324-4C91-BA2C-05CAD3F5F8ED}.Ad-Hoc|iPhone.Deploy.0 = Release|Any CPU
		{A34D70E2-B324-4C91-BA2C-05CAD3F5F8ED}.Ad-Hoc|iPhoneSimulator.ActiveCfg = Release|Any CPU
		{A34D70E2-B324-4C91-BA2C-05CAD3F5F8ED}.Ad-Hoc|iPhoneSimulator.Build.0 = Release|Any CPU
		{A34D70E2-B324-4C91-BA2C-05CAD3F5F8ED}.Ad-Hoc|iPhoneSimulator.Deploy.0 = Release|Any CPU
		{A34D70E2-B324-4C91-BA2C-05CAD3F5F8ED}.Ad-Hoc|x64.ActiveCfg = Release|Any CPU
		{A34D70E2-B324-4C91-BA2C-05CAD3F5F8ED}.Ad-Hoc|x64.Build.0 = Release|Any CPU
		{A34D70E2-B324-4C91-BA2C-05CAD3F5F8ED}.Ad-Hoc|x64.Deploy.0 = Release|Any CPU
		{A34D70E2-B324-4C91-BA2C-05CAD3F5F8ED}.Ad-Hoc|x86.ActiveCfg = Release|x86
		{A34D70E2-B324-4C91-BA2C-05CAD3F5F8ED}.Ad-Hoc|x86.Build.0 = Release|x86
		{A34D70E2-B324-4C91-BA2C-05CAD3F5F8ED}.Ad-Hoc|x86.Deploy.0 = Release|x86
		{A34D70E2-B324-4C91-BA2C-05CAD3F5F8ED}.AppStore|Any CPU.ActiveCfg = Release|Any CPU
		{A34D70E2-B324-4C91-BA2C-05CAD3F5F8ED}.AppStore|Any CPU.Build.0 = Release|Any CPU
		{A34D70E2-B324-4C91-BA2C-05CAD3F5F8ED}.AppStore|Any CPU.Deploy.0 = Release|Any CPU
		{A34D70E2-B324-4C91-BA2C-05CAD3F5F8ED}.AppStore|ARM.ActiveCfg = Release|ARM
		{A34D70E2-B324-4C91-BA2C-05CAD3F5F8ED}.AppStore|ARM.Build.0 = Release|ARM
		{A34D70E2-B324-4C91-BA2C-05CAD3F5F8ED}.AppStore|ARM.Deploy.0 = Release|ARM
		{A34D70E2-B324-4C91-BA2C-05CAD3F5F8ED}.AppStore|iPhone.ActiveCfg = Release|Any CPU
		{A34D70E2-B324-4C91-BA2C-05CAD3F5F8ED}.AppStore|iPhone.Build.0 = Release|Any CPU
		{A34D70E2-B324-4C91-BA2C-05CAD3F5F8ED}.AppStore|iPhone.Deploy.0 = Release|Any CPU
		{A34D70E2-B324-4C91-BA2C-05CAD3F5F8ED}.AppStore|iPhoneSimulator.ActiveCfg = Release|Any CPU
		{A34D70E2-B324-4C91-BA2C-05CAD3F5F8ED}.AppStore|iPhoneSimulator.Build.0 = Release|Any CPU
		{A34D70E2-B324-4C91-BA2C-05CAD3F5F8ED}.AppStore|iPhoneSimulator.Deploy.0 = Release|Any CPU
		{A34D70E2-B324-4C91-BA2C-05CAD3F5F8ED}.AppStore|x64.ActiveCfg = Release|Any CPU
		{A34D70E2-B324-4C91-BA2C-05CAD3F5F8ED}.AppStore|x64.Build.0 = Release|Any CPU
		{A34D70E2-B324-4C91-BA2C-05CAD3F5F8ED}.AppStore|x64.Deploy.0 = Release|Any CPU
		{A34D70E2-B324-4C91-BA2C-05CAD3F5F8ED}.AppStore|x86.ActiveCfg = Release|x86
		{A34D70E2-B324-4C91-BA2C-05CAD3F5F8ED}.AppStore|x86.Build.0 = Release|x86
		{A34D70E2-B324-4C91-BA2C-05CAD3F5F8ED}.AppStore|x86.Deploy.0 = Release|x86
		{A34D70E2-B324-4C91-BA2C-05CAD3F5F8ED}.Debug|Any CPU.ActiveCfg = Debug|Any CPU
		{A34D70E2-B324-4C91-BA2C-05CAD3F5F8ED}.Debug|Any CPU.Build.0 = Debug|Any CPU
		{A34D70E2-B324-4C91-BA2C-05CAD3F5F8ED}.Debug|Any CPU.Deploy.0 = Debug|Any CPU
		{A34D70E2-B324-4C91-BA2C-05CAD3F5F8ED}.Debug|ARM.ActiveCfg = Debug|ARM
		{A34D70E2-B324-4C91-BA2C-05CAD3F5F8ED}.Debug|ARM.Build.0 = Debug|ARM
		{A34D70E2-B324-4C91-BA2C-05CAD3F5F8ED}.Debug|ARM.Deploy.0 = Debug|ARM
		{A34D70E2-B324-4C91-BA2C-05CAD3F5F8ED}.Debug|iPhone.ActiveCfg = Debug|Any CPU
		{A34D70E2-B324-4C91-BA2C-05CAD3F5F8ED}.Debug|iPhone.Build.0 = Debug|Any CPU
		{A34D70E2-B324-4C91-BA2C-05CAD3F5F8ED}.Debug|iPhone.Deploy.0 = Debug|Any CPU
		{A34D70E2-B324-4C91-BA2C-05CAD3F5F8ED}.Debug|iPhoneSimulator.ActiveCfg = Debug|Any CPU
		{A34D70E2-B324-4C91-BA2C-05CAD3F5F8ED}.Debug|iPhoneSimulator.Build.0 = Debug|Any CPU
		{A34D70E2-B324-4C91-BA2C-05CAD3F5F8ED}.Debug|iPhoneSimulator.Deploy.0 = Debug|Any CPU
		{A34D70E2-B324-4C91-BA2C-05CAD3F5F8ED}.Debug|x64.ActiveCfg = Debug|Any CPU
		{A34D70E2-B324-4C91-BA2C-05CAD3F5F8ED}.Debug|x64.Build.0 = Debug|Any CPU
		{A34D70E2-B324-4C91-BA2C-05CAD3F5F8ED}.Debug|x64.Deploy.0 = Debug|Any CPU
		{A34D70E2-B324-4C91-BA2C-05CAD3F5F8ED}.Debug|x86.ActiveCfg = Debug|x86
		{A34D70E2-B324-4C91-BA2C-05CAD3F5F8ED}.Debug|x86.Build.0 = Debug|x86
		{A34D70E2-B324-4C91-BA2C-05CAD3F5F8ED}.Debug|x86.Deploy.0 = Debug|x86
		{A34D70E2-B324-4C91-BA2C-05CAD3F5F8ED}.Release|Any CPU.ActiveCfg = Release|Any CPU
		{A34D70E2-B324-4C91-BA2C-05CAD3F5F8ED}.Release|Any CPU.Build.0 = Release|Any CPU
		{A34D70E2-B324-4C91-BA2C-05CAD3F5F8ED}.Release|Any CPU.Deploy.0 = Release|Any CPU
		{A34D70E2-B324-4C91-BA2C-05CAD3F5F8ED}.Release|ARM.ActiveCfg = Release|ARM
		{A34D70E2-B324-4C91-BA2C-05CAD3F5F8ED}.Release|ARM.Build.0 = Release|ARM
		{A34D70E2-B324-4C91-BA2C-05CAD3F5F8ED}.Release|ARM.Deploy.0 = Release|ARM
		{A34D70E2-B324-4C91-BA2C-05CAD3F5F8ED}.Release|iPhone.ActiveCfg = Release|Any CPU
		{A34D70E2-B324-4C91-BA2C-05CAD3F5F8ED}.Release|iPhone.Build.0 = Release|Any CPU
		{A34D70E2-B324-4C91-BA2C-05CAD3F5F8ED}.Release|iPhone.Deploy.0 = Release|Any CPU
		{A34D70E2-B324-4C91-BA2C-05CAD3F5F8ED}.Release|iPhoneSimulator.ActiveCfg = Release|Any CPU
		{A34D70E2-B324-4C91-BA2C-05CAD3F5F8ED}.Release|iPhoneSimulator.Build.0 = Release|Any CPU
		{A34D70E2-B324-4C91-BA2C-05CAD3F5F8ED}.Release|iPhoneSimulator.Deploy.0 = Release|Any CPU
		{A34D70E2-B324-4C91-BA2C-05CAD3F5F8ED}.Release|x64.ActiveCfg = Release|Any CPU
		{A34D70E2-B324-4C91-BA2C-05CAD3F5F8ED}.Release|x64.Build.0 = Release|Any CPU
		{A34D70E2-B324-4C91-BA2C-05CAD3F5F8ED}.Release|x64.Deploy.0 = Release|Any CPU
		{A34D70E2-B324-4C91-BA2C-05CAD3F5F8ED}.Release|x86.ActiveCfg = Release|x86
		{A34D70E2-B324-4C91-BA2C-05CAD3F5F8ED}.Release|x86.Build.0 = Release|x86
		{A34D70E2-B324-4C91-BA2C-05CAD3F5F8ED}.Release|x86.Deploy.0 = Release|x86
		{2D6E3F4D-F13D-4503-9F45-EC2CA8CADD60}.Ad-Hoc|Any CPU.ActiveCfg = Release|x86
		{2D6E3F4D-F13D-4503-9F45-EC2CA8CADD60}.Ad-Hoc|Any CPU.Build.0 = Release|x86
		{2D6E3F4D-F13D-4503-9F45-EC2CA8CADD60}.Ad-Hoc|Any CPU.Deploy.0 = Release|x86
		{2D6E3F4D-F13D-4503-9F45-EC2CA8CADD60}.Ad-Hoc|ARM.ActiveCfg = Release|ARM
		{2D6E3F4D-F13D-4503-9F45-EC2CA8CADD60}.Ad-Hoc|ARM.Build.0 = Release|ARM
		{2D6E3F4D-F13D-4503-9F45-EC2CA8CADD60}.Ad-Hoc|ARM.Deploy.0 = Release|ARM
		{2D6E3F4D-F13D-4503-9F45-EC2CA8CADD60}.Ad-Hoc|iPhone.ActiveCfg = Release|x86
		{2D6E3F4D-F13D-4503-9F45-EC2CA8CADD60}.Ad-Hoc|iPhone.Build.0 = Release|x86
		{2D6E3F4D-F13D-4503-9F45-EC2CA8CADD60}.Ad-Hoc|iPhone.Deploy.0 = Release|x86
		{2D6E3F4D-F13D-4503-9F45-EC2CA8CADD60}.Ad-Hoc|iPhoneSimulator.ActiveCfg = Release|x86
		{2D6E3F4D-F13D-4503-9F45-EC2CA8CADD60}.Ad-Hoc|iPhoneSimulator.Build.0 = Release|x86
		{2D6E3F4D-F13D-4503-9F45-EC2CA8CADD60}.Ad-Hoc|iPhoneSimulator.Deploy.0 = Release|x86
		{2D6E3F4D-F13D-4503-9F45-EC2CA8CADD60}.Ad-Hoc|x64.ActiveCfg = Release|x64
		{2D6E3F4D-F13D-4503-9F45-EC2CA8CADD60}.Ad-Hoc|x64.Build.0 = Release|x64
		{2D6E3F4D-F13D-4503-9F45-EC2CA8CADD60}.Ad-Hoc|x64.Deploy.0 = Release|x64
		{2D6E3F4D-F13D-4503-9F45-EC2CA8CADD60}.Ad-Hoc|x86.ActiveCfg = Release|x86
		{2D6E3F4D-F13D-4503-9F45-EC2CA8CADD60}.Ad-Hoc|x86.Build.0 = Release|x86
		{2D6E3F4D-F13D-4503-9F45-EC2CA8CADD60}.Ad-Hoc|x86.Deploy.0 = Release|x86
		{2D6E3F4D-F13D-4503-9F45-EC2CA8CADD60}.AppStore|Any CPU.ActiveCfg = Release|x86
		{2D6E3F4D-F13D-4503-9F45-EC2CA8CADD60}.AppStore|Any CPU.Build.0 = Release|x86
		{2D6E3F4D-F13D-4503-9F45-EC2CA8CADD60}.AppStore|Any CPU.Deploy.0 = Release|x86
		{2D6E3F4D-F13D-4503-9F45-EC2CA8CADD60}.AppStore|ARM.ActiveCfg = Release|ARM
		{2D6E3F4D-F13D-4503-9F45-EC2CA8CADD60}.AppStore|ARM.Build.0 = Release|ARM
		{2D6E3F4D-F13D-4503-9F45-EC2CA8CADD60}.AppStore|ARM.Deploy.0 = Release|ARM
		{2D6E3F4D-F13D-4503-9F45-EC2CA8CADD60}.AppStore|iPhone.ActiveCfg = Release|x86
		{2D6E3F4D-F13D-4503-9F45-EC2CA8CADD60}.AppStore|iPhone.Build.0 = Release|x86
		{2D6E3F4D-F13D-4503-9F45-EC2CA8CADD60}.AppStore|iPhone.Deploy.0 = Release|x86
		{2D6E3F4D-F13D-4503-9F45-EC2CA8CADD60}.AppStore|iPhoneSimulator.ActiveCfg = Release|x86
		{2D6E3F4D-F13D-4503-9F45-EC2CA8CADD60}.AppStore|iPhoneSimulator.Build.0 = Release|x86
		{2D6E3F4D-F13D-4503-9F45-EC2CA8CADD60}.AppStore|iPhoneSimulator.Deploy.0 = Release|x86
		{2D6E3F4D-F13D-4503-9F45-EC2CA8CADD60}.AppStore|x64.ActiveCfg = Release|x64
		{2D6E3F4D-F13D-4503-9F45-EC2CA8CADD60}.AppStore|x64.Build.0 = Release|x64
		{2D6E3F4D-F13D-4503-9F45-EC2CA8CADD60}.AppStore|x64.Deploy.0 = Release|x64
		{2D6E3F4D-F13D-4503-9F45-EC2CA8CADD60}.AppStore|x86.ActiveCfg = Release|x86
		{2D6E3F4D-F13D-4503-9F45-EC2CA8CADD60}.AppStore|x86.Build.0 = Release|x86
		{2D6E3F4D-F13D-4503-9F45-EC2CA8CADD60}.AppStore|x86.Deploy.0 = Release|x86
		{2D6E3F4D-F13D-4503-9F45-EC2CA8CADD60}.Debug|Any CPU.ActiveCfg = Debug|x86
		{2D6E3F4D-F13D-4503-9F45-EC2CA8CADD60}.Debug|ARM.ActiveCfg = Debug|ARM
		{2D6E3F4D-F13D-4503-9F45-EC2CA8CADD60}.Debug|ARM.Build.0 = Debug|ARM
		{2D6E3F4D-F13D-4503-9F45-EC2CA8CADD60}.Debug|ARM.Deploy.0 = Debug|ARM
		{2D6E3F4D-F13D-4503-9F45-EC2CA8CADD60}.Debug|iPhone.ActiveCfg = Debug|x86
		{2D6E3F4D-F13D-4503-9F45-EC2CA8CADD60}.Debug|iPhoneSimulator.ActiveCfg = Debug|x86
		{2D6E3F4D-F13D-4503-9F45-EC2CA8CADD60}.Debug|x64.ActiveCfg = Debug|x64
		{2D6E3F4D-F13D-4503-9F45-EC2CA8CADD60}.Debug|x64.Build.0 = Debug|x64
		{2D6E3F4D-F13D-4503-9F45-EC2CA8CADD60}.Debug|x64.Deploy.0 = Debug|x64
		{2D6E3F4D-F13D-4503-9F45-EC2CA8CADD60}.Debug|x86.ActiveCfg = Debug|x86
		{2D6E3F4D-F13D-4503-9F45-EC2CA8CADD60}.Debug|x86.Build.0 = Debug|x86
		{2D6E3F4D-F13D-4503-9F45-EC2CA8CADD60}.Debug|x86.Deploy.0 = Debug|x86
		{2D6E3F4D-F13D-4503-9F45-EC2CA8CADD60}.Release|Any CPU.ActiveCfg = Release|x86
		{2D6E3F4D-F13D-4503-9F45-EC2CA8CADD60}.Release|ARM.ActiveCfg = Release|ARM
		{2D6E3F4D-F13D-4503-9F45-EC2CA8CADD60}.Release|ARM.Build.0 = Release|ARM
		{2D6E3F4D-F13D-4503-9F45-EC2CA8CADD60}.Release|ARM.Deploy.0 = Release|ARM
		{2D6E3F4D-F13D-4503-9F45-EC2CA8CADD60}.Release|iPhone.ActiveCfg = Release|x86
		{2D6E3F4D-F13D-4503-9F45-EC2CA8CADD60}.Release|iPhoneSimulator.ActiveCfg = Release|x86
		{2D6E3F4D-F13D-4503-9F45-EC2CA8CADD60}.Release|x64.ActiveCfg = Release|x64
		{2D6E3F4D-F13D-4503-9F45-EC2CA8CADD60}.Release|x64.Build.0 = Release|x64
		{2D6E3F4D-F13D-4503-9F45-EC2CA8CADD60}.Release|x64.Deploy.0 = Release|x64
		{2D6E3F4D-F13D-4503-9F45-EC2CA8CADD60}.Release|x86.ActiveCfg = Release|x86
		{2D6E3F4D-F13D-4503-9F45-EC2CA8CADD60}.Release|x86.Build.0 = Release|x86
		{2D6E3F4D-F13D-4503-9F45-EC2CA8CADD60}.Release|x86.Deploy.0 = Release|x86
		{00551F41-47AD-4465-B959-DD32933B360E}.Ad-Hoc|Any CPU.ActiveCfg = Release|Any CPU
		{00551F41-47AD-4465-B959-DD32933B360E}.Ad-Hoc|Any CPU.Build.0 = Release|Any CPU
		{00551F41-47AD-4465-B959-DD32933B360E}.Ad-Hoc|Any CPU.Deploy.0 = Release|Any CPU
		{00551F41-47AD-4465-B959-DD32933B360E}.Ad-Hoc|ARM.ActiveCfg = Release|ARM
		{00551F41-47AD-4465-B959-DD32933B360E}.Ad-Hoc|ARM.Build.0 = Release|ARM
		{00551F41-47AD-4465-B959-DD32933B360E}.Ad-Hoc|ARM.Deploy.0 = Release|ARM
		{00551F41-47AD-4465-B959-DD32933B360E}.Ad-Hoc|iPhone.ActiveCfg = Release|Any CPU
		{00551F41-47AD-4465-B959-DD32933B360E}.Ad-Hoc|iPhone.Build.0 = Release|Any CPU
		{00551F41-47AD-4465-B959-DD32933B360E}.Ad-Hoc|iPhone.Deploy.0 = Release|Any CPU
		{00551F41-47AD-4465-B959-DD32933B360E}.Ad-Hoc|iPhoneSimulator.ActiveCfg = Release|Any CPU
		{00551F41-47AD-4465-B959-DD32933B360E}.Ad-Hoc|iPhoneSimulator.Build.0 = Release|Any CPU
		{00551F41-47AD-4465-B959-DD32933B360E}.Ad-Hoc|iPhoneSimulator.Deploy.0 = Release|Any CPU
		{00551F41-47AD-4465-B959-DD32933B360E}.Ad-Hoc|x64.ActiveCfg = Release|x64
		{00551F41-47AD-4465-B959-DD32933B360E}.Ad-Hoc|x64.Build.0 = Release|x64
		{00551F41-47AD-4465-B959-DD32933B360E}.Ad-Hoc|x64.Deploy.0 = Release|x64
		{00551F41-47AD-4465-B959-DD32933B360E}.Ad-Hoc|x86.ActiveCfg = Release|x86
		{00551F41-47AD-4465-B959-DD32933B360E}.Ad-Hoc|x86.Build.0 = Release|x86
		{00551F41-47AD-4465-B959-DD32933B360E}.Ad-Hoc|x86.Deploy.0 = Release|x86
		{00551F41-47AD-4465-B959-DD32933B360E}.AppStore|Any CPU.ActiveCfg = Release|Any CPU
		{00551F41-47AD-4465-B959-DD32933B360E}.AppStore|Any CPU.Build.0 = Release|Any CPU
		{00551F41-47AD-4465-B959-DD32933B360E}.AppStore|Any CPU.Deploy.0 = Release|Any CPU
		{00551F41-47AD-4465-B959-DD32933B360E}.AppStore|ARM.ActiveCfg = Release|ARM
		{00551F41-47AD-4465-B959-DD32933B360E}.AppStore|ARM.Build.0 = Release|ARM
		{00551F41-47AD-4465-B959-DD32933B360E}.AppStore|ARM.Deploy.0 = Release|ARM
		{00551F41-47AD-4465-B959-DD32933B360E}.AppStore|iPhone.ActiveCfg = Release|Any CPU
		{00551F41-47AD-4465-B959-DD32933B360E}.AppStore|iPhone.Build.0 = Release|Any CPU
		{00551F41-47AD-4465-B959-DD32933B360E}.AppStore|iPhone.Deploy.0 = Release|Any CPU
		{00551F41-47AD-4465-B959-DD32933B360E}.AppStore|iPhoneSimulator.ActiveCfg = Release|Any CPU
		{00551F41-47AD-4465-B959-DD32933B360E}.AppStore|iPhoneSimulator.Build.0 = Release|Any CPU
		{00551F41-47AD-4465-B959-DD32933B360E}.AppStore|iPhoneSimulator.Deploy.0 = Release|Any CPU
		{00551F41-47AD-4465-B959-DD32933B360E}.AppStore|x64.ActiveCfg = Release|x64
		{00551F41-47AD-4465-B959-DD32933B360E}.AppStore|x64.Build.0 = Release|x64
		{00551F41-47AD-4465-B959-DD32933B360E}.AppStore|x64.Deploy.0 = Release|x64
		{00551F41-47AD-4465-B959-DD32933B360E}.AppStore|x86.ActiveCfg = Release|x86
		{00551F41-47AD-4465-B959-DD32933B360E}.AppStore|x86.Build.0 = Release|x86
		{00551F41-47AD-4465-B959-DD32933B360E}.AppStore|x86.Deploy.0 = Release|x86
		{00551F41-47AD-4465-B959-DD32933B360E}.Debug|Any CPU.ActiveCfg = Debug|Any CPU
		{00551F41-47AD-4465-B959-DD32933B360E}.Debug|Any CPU.Build.0 = Debug|Any CPU
		{00551F41-47AD-4465-B959-DD32933B360E}.Debug|Any CPU.Deploy.0 = Debug|Any CPU
		{00551F41-47AD-4465-B959-DD32933B360E}.Debug|ARM.ActiveCfg = Debug|ARM
		{00551F41-47AD-4465-B959-DD32933B360E}.Debug|ARM.Build.0 = Debug|ARM
		{00551F41-47AD-4465-B959-DD32933B360E}.Debug|ARM.Deploy.0 = Debug|ARM
		{00551F41-47AD-4465-B959-DD32933B360E}.Debug|iPhone.ActiveCfg = Debug|Any CPU
		{00551F41-47AD-4465-B959-DD32933B360E}.Debug|iPhone.Build.0 = Debug|Any CPU
		{00551F41-47AD-4465-B959-DD32933B360E}.Debug|iPhone.Deploy.0 = Debug|Any CPU
		{00551F41-47AD-4465-B959-DD32933B360E}.Debug|iPhoneSimulator.ActiveCfg = Debug|Any CPU
		{00551F41-47AD-4465-B959-DD32933B360E}.Debug|iPhoneSimulator.Build.0 = Debug|Any CPU
		{00551F41-47AD-4465-B959-DD32933B360E}.Debug|iPhoneSimulator.Deploy.0 = Debug|Any CPU
		{00551F41-47AD-4465-B959-DD32933B360E}.Debug|x64.ActiveCfg = Debug|x64
		{00551F41-47AD-4465-B959-DD32933B360E}.Debug|x64.Build.0 = Debug|x64
		{00551F41-47AD-4465-B959-DD32933B360E}.Debug|x64.Deploy.0 = Debug|x64
		{00551F41-47AD-4465-B959-DD32933B360E}.Debug|x86.ActiveCfg = Debug|x86
		{00551F41-47AD-4465-B959-DD32933B360E}.Debug|x86.Build.0 = Debug|x86
		{00551F41-47AD-4465-B959-DD32933B360E}.Debug|x86.Deploy.0 = Debug|x86
		{00551F41-47AD-4465-B959-DD32933B360E}.Release|Any CPU.ActiveCfg = Release|Any CPU
		{00551F41-47AD-4465-B959-DD32933B360E}.Release|Any CPU.Build.0 = Release|Any CPU
		{00551F41-47AD-4465-B959-DD32933B360E}.Release|Any CPU.Deploy.0 = Release|Any CPU
		{00551F41-47AD-4465-B959-DD32933B360E}.Release|ARM.ActiveCfg = Release|ARM
		{00551F41-47AD-4465-B959-DD32933B360E}.Release|ARM.Build.0 = Release|ARM
		{00551F41-47AD-4465-B959-DD32933B360E}.Release|ARM.Deploy.0 = Release|ARM
		{00551F41-47AD-4465-B959-DD32933B360E}.Release|iPhone.ActiveCfg = Release|Any CPU
		{00551F41-47AD-4465-B959-DD32933B360E}.Release|iPhone.Build.0 = Release|Any CPU
		{00551F41-47AD-4465-B959-DD32933B360E}.Release|iPhone.Deploy.0 = Release|Any CPU
		{00551F41-47AD-4465-B959-DD32933B360E}.Release|iPhoneSimulator.ActiveCfg = Release|Any CPU
		{00551F41-47AD-4465-B959-DD32933B360E}.Release|iPhoneSimulator.Build.0 = Release|Any CPU
		{00551F41-47AD-4465-B959-DD32933B360E}.Release|iPhoneSimulator.Deploy.0 = Release|Any CPU
		{00551F41-47AD-4465-B959-DD32933B360E}.Release|x64.ActiveCfg = Release|x64
		{00551F41-47AD-4465-B959-DD32933B360E}.Release|x64.Build.0 = Release|x64
		{00551F41-47AD-4465-B959-DD32933B360E}.Release|x64.Deploy.0 = Release|x64
		{00551F41-47AD-4465-B959-DD32933B360E}.Release|x86.ActiveCfg = Release|x86
		{00551F41-47AD-4465-B959-DD32933B360E}.Release|x86.Build.0 = Release|x86
		{00551F41-47AD-4465-B959-DD32933B360E}.Release|x86.Deploy.0 = Release|x86
		{5DBA5101-3513-4791-AE57-DC105891CA2B}.Ad-Hoc|Any CPU.ActiveCfg = Release|Any CPU
		{5DBA5101-3513-4791-AE57-DC105891CA2B}.Ad-Hoc|Any CPU.Build.0 = Release|Any CPU
		{5DBA5101-3513-4791-AE57-DC105891CA2B}.Ad-Hoc|ARM.ActiveCfg = Release|Any CPU
		{5DBA5101-3513-4791-AE57-DC105891CA2B}.Ad-Hoc|ARM.Build.0 = Release|Any CPU
		{5DBA5101-3513-4791-AE57-DC105891CA2B}.Ad-Hoc|iPhone.ActiveCfg = Release|Any CPU
		{5DBA5101-3513-4791-AE57-DC105891CA2B}.Ad-Hoc|iPhone.Build.0 = Release|Any CPU
		{5DBA5101-3513-4791-AE57-DC105891CA2B}.Ad-Hoc|iPhoneSimulator.ActiveCfg = Release|Any CPU
		{5DBA5101-3513-4791-AE57-DC105891CA2B}.Ad-Hoc|iPhoneSimulator.Build.0 = Release|Any CPU
		{5DBA5101-3513-4791-AE57-DC105891CA2B}.Ad-Hoc|x64.ActiveCfg = Release|Any CPU
		{5DBA5101-3513-4791-AE57-DC105891CA2B}.Ad-Hoc|x64.Build.0 = Release|Any CPU
		{5DBA5101-3513-4791-AE57-DC105891CA2B}.Ad-Hoc|x86.ActiveCfg = Release|Any CPU
		{5DBA5101-3513-4791-AE57-DC105891CA2B}.Ad-Hoc|x86.Build.0 = Release|Any CPU
		{5DBA5101-3513-4791-AE57-DC105891CA2B}.AppStore|Any CPU.ActiveCfg = Release|Any CPU
		{5DBA5101-3513-4791-AE57-DC105891CA2B}.AppStore|Any CPU.Build.0 = Release|Any CPU
		{5DBA5101-3513-4791-AE57-DC105891CA2B}.AppStore|ARM.ActiveCfg = Release|Any CPU
		{5DBA5101-3513-4791-AE57-DC105891CA2B}.AppStore|ARM.Build.0 = Release|Any CPU
		{5DBA5101-3513-4791-AE57-DC105891CA2B}.AppStore|iPhone.ActiveCfg = Release|Any CPU
		{5DBA5101-3513-4791-AE57-DC105891CA2B}.AppStore|iPhone.Build.0 = Release|Any CPU
		{5DBA5101-3513-4791-AE57-DC105891CA2B}.AppStore|iPhoneSimulator.ActiveCfg = Release|Any CPU
		{5DBA5101-3513-4791-AE57-DC105891CA2B}.AppStore|iPhoneSimulator.Build.0 = Release|Any CPU
		{5DBA5101-3513-4791-AE57-DC105891CA2B}.AppStore|x64.ActiveCfg = Release|Any CPU
		{5DBA5101-3513-4791-AE57-DC105891CA2B}.AppStore|x64.Build.0 = Release|Any CPU
		{5DBA5101-3513-4791-AE57-DC105891CA2B}.AppStore|x86.ActiveCfg = Release|Any CPU
		{5DBA5101-3513-4791-AE57-DC105891CA2B}.AppStore|x86.Build.0 = Release|Any CPU
		{5DBA5101-3513-4791-AE57-DC105891CA2B}.Debug|Any CPU.ActiveCfg = Debug|Any CPU
		{5DBA5101-3513-4791-AE57-DC105891CA2B}.Debug|Any CPU.Build.0 = Debug|Any CPU
		{5DBA5101-3513-4791-AE57-DC105891CA2B}.Debug|ARM.ActiveCfg = Debug|Any CPU
		{5DBA5101-3513-4791-AE57-DC105891CA2B}.Debug|ARM.Build.0 = Debug|Any CPU
		{5DBA5101-3513-4791-AE57-DC105891CA2B}.Debug|iPhone.ActiveCfg = Debug|Any CPU
		{5DBA5101-3513-4791-AE57-DC105891CA2B}.Debug|iPhone.Build.0 = Debug|Any CPU
		{5DBA5101-3513-4791-AE57-DC105891CA2B}.Debug|iPhoneSimulator.ActiveCfg = Debug|Any CPU
		{5DBA5101-3513-4791-AE57-DC105891CA2B}.Debug|iPhoneSimulator.Build.0 = Debug|Any CPU
		{5DBA5101-3513-4791-AE57-DC105891CA2B}.Debug|x64.ActiveCfg = Debug|Any CPU
		{5DBA5101-3513-4791-AE57-DC105891CA2B}.Debug|x64.Build.0 = Debug|Any CPU
		{5DBA5101-3513-4791-AE57-DC105891CA2B}.Debug|x86.ActiveCfg = Debug|Any CPU
		{5DBA5101-3513-4791-AE57-DC105891CA2B}.Debug|x86.Build.0 = Debug|Any CPU
		{5DBA5101-3513-4791-AE57-DC105891CA2B}.Release|Any CPU.ActiveCfg = Release|Any CPU
		{5DBA5101-3513-4791-AE57-DC105891CA2B}.Release|Any CPU.Build.0 = Release|Any CPU
		{5DBA5101-3513-4791-AE57-DC105891CA2B}.Release|ARM.ActiveCfg = Release|Any CPU
		{5DBA5101-3513-4791-AE57-DC105891CA2B}.Release|ARM.Build.0 = Release|Any CPU
		{5DBA5101-3513-4791-AE57-DC105891CA2B}.Release|iPhone.ActiveCfg = Release|Any CPU
		{5DBA5101-3513-4791-AE57-DC105891CA2B}.Release|iPhone.Build.0 = Release|Any CPU
		{5DBA5101-3513-4791-AE57-DC105891CA2B}.Release|iPhoneSimulator.ActiveCfg = Release|Any CPU
		{5DBA5101-3513-4791-AE57-DC105891CA2B}.Release|iPhoneSimulator.Build.0 = Release|Any CPU
		{5DBA5101-3513-4791-AE57-DC105891CA2B}.Release|x64.ActiveCfg = Release|Any CPU
		{5DBA5101-3513-4791-AE57-DC105891CA2B}.Release|x64.Build.0 = Release|Any CPU
		{5DBA5101-3513-4791-AE57-DC105891CA2B}.Release|x86.ActiveCfg = Release|Any CPU
		{5DBA5101-3513-4791-AE57-DC105891CA2B}.Release|x86.Build.0 = Release|Any CPU
	EndGlobalSection
	GlobalSection(SolutionProperties) = preSolution
		HideSolutionNode = FALSE
	EndGlobalSection
EndGlobal
